
Microsoft Visual Studio Solution File, Format Version 12.00
# Visual Studio 15
VisualStudioVersion = 15.0.26730.12
MinimumVisualStudioVersion = 10.0.40219.1
Project("{FAE04EC0-301F-11D3-BF4B-00C04F79EFBC}") = "VSGitDemo6", "VSGitDemo6\VSGitDemo6.csproj", "{B3423015-A1A7-4B0A-9A0C-B674D99D6E90}"
EndProject
Global
	GlobalSection(SolutionConfigurationPlatforms) = preSolution
		Debug|Any CPU = Debug|Any CPU
		Release|Any CPU = Release|Any CPU
	EndGlobalSection
	GlobalSection(ProjectConfigurationPlatforms) = postSolution
		{B3423015-A1A7-4B0A-9A0C-B674D99D6E90}.Debug|Any CPU.ActiveCfg = Debug|Any CPU
		{B3423015-A1A7-4B0A-9A0C-B674D99D6E90}.Debug|Any CPU.Build.0 = Debug|Any CPU
		{B3423015-A1A7-4B0A-9A0C-B674D99D6E90}.Release|Any CPU.ActiveCfg = Release|Any CPU
		{B3423015-A1A7-4B0A-9A0C-B674D99D6E90}.Release|Any CPU.Build.0 = Release|Any CPU
	EndGlobalSection
	GlobalSection(SolutionProperties) = preSolution
		HideSolutionNode = FALSE
	EndGlobalSection
	GlobalSection(ExtensibilityGlobals) = postSolution
		SolutionGuid = {AA7F190E-2347-42FB-9AF5-85DADBD179E8}
	EndGlobalSection
EndGlobal
